{
  "name": "deployment",
  "lockfileVersion": 2,
  "requires": true,
  "packages": {
    "": {
      "dependencies": {
        "jsen": "^0.6.6"
      }
    },
    "node_modules/jsen": {
      "version": "0.6.6",
      "resolved": "https://registry.npmjs.org/jsen/-/jsen-0.6.6.tgz",
      "integrity": "sha1-AkDBjPETUKwCFFb0in6xO9Z+BCA="
    }
  },
  "dependencies": {
    "jsen": {
      "version": "0.6.6",
      "resolved": "https://registry.npmjs.org/jsen/-/jsen-0.6.6.tgz",
      "integrity": "sha1-AkDBjPETUKwCFFb0in6xO9Z+BCA="
    }
  }
}
